<?xml version="1.0" encoding="utf-8"?>
<Project ToolsVersion="4.0" xmlns="http://schemas.microsoft.com/developer/msbuild/2003">
  <ItemGroup>
    <Filter Include="Midnight">
      <UniqueIdentifier>{F9FA680F-E5C7-C31A-0EE1-B1C2FA0CF9A8}</UniqueIdentifier>
    </Filter>
    <Filter Include="Midnight\Events">
      <UniqueIdentifier>{BD74C98B-2900-3750-3211-BA449E1B9350}</UniqueIdentifier>
    </Filter>
  </ItemGroup>
  <ItemGroup>
    <ClInclude Include="src\Midnight.h" />
    <ClInclude Include="src\Midnight\Application.h">
      <Filter>Midnight</Filter>
    </ClInclude>
    <ClInclude Include="src\Midnight\Core.h">
      <Filter>Midnight</Filter>
    </ClInclude>
    <ClInclude Include="src\Midnight\EntryPoint.h">
      <Filter>Midnight</Filter>
    </ClInclude>
    <ClInclude Include="src\Midnight\Events\ApplicationEvent.h">
      <Filter>Midnight\Events</Filter>
    </ClInclude>
    <ClInclude Include="src\Midnight\Events\Event.h">
      <Filter>Midnight\Events</Filter>
    </ClInclude>
    <ClInclude Include="src\Midnight\Events\KeyEvent.h">
      <Filter>Midnight\Events</Filter>
    </ClInclude>
    <ClInclude Include="src\Midnight\Events\MouseEvent.h">
      <Filter>Midnight\Events</Filter>
    </ClInclude>
    <ClInclude Include="src\Midnight\Log.h">
      <Filter>Midnight</Filter>
    </ClInclude>
  </ItemGroup>
  <ItemGroup>
    <ClCompile Include="src\Midnight\Application.cpp">
      <Filter>Midnight</Filter>
    </ClCompile>
    <ClCompile Include="src\Midnight\Log.cpp">
      <Filter>Midnight</Filter>
    </ClCompile>
  </ItemGroup>
</Project>